// !$*UTF8*$!
{
	archiveVersion = 1;
	classes = {
	};
	objectVersion = 50;
	objects = {

/* Begin PBXBuildFile section */
		85D22EE12776A40400A4C0C8 /* AppDelegate.swift in Sources */ = {isa = PBXBuildFile; fileRef = 85D22EE02776A40400A4C0C8 /* AppDelegate.swift */; };
		85D22EE32776A40400A4C0C8 /* SceneDelegate.swift in Sources */ = {isa = PBXBuildFile; fileRef = 85D22EE22776A40400A4C0C8 /* SceneDelegate.swift */; };
		85D22EE52776A40400A4C0C8 /* ViewController.swift in Sources */ = {isa = PBXBuildFile; fileRef = 85D22EE42776A40400A4C0C8 /* ViewController.swift */; };
		85D22EE82776A40400A4C0C8 /* Main.storyboard in Resources */ = {isa = PBXBuildFile; fileRef = 85D22EE62776A40400A4C0C8 /* Main.storyboard */; };
		85D22EEA2776A41100A4C0C8 /* Assets.xcassets in Resources */ = {isa = PBXBuildFile; fileRef = 85D22EE92776A41100A4C0C8 /* Assets.xcassets */; };
		85D22EED2776A41100A4C0C8 /* LaunchScreen.storyboard in Resources */ = {isa = PBXBuildFile; fileRef = 85D22EEB2776A41100A4C0C8 /* LaunchScreen.storyboard */; };
		85D22EF8277A84A500A4C0C8 /* DetailViewController.swift in Sources */ = {isa = PBXBuildFile; fileRef = 85D22EF7277A84A500A4C0C8 /* DetailViewController.swift */; };
		85D22EFB277A91B600A4C0C8 /* Photo.swift in Sources */ = {isa = PBXBuildFile; fileRef = 85D22EFA277A91B600A4C0C8 /* Photo.swift */; };
		85D22F0C277AB7A600A4C0C8 /* PhotoCell.swift in Sources */ = {isa = PBXBuildFile; fileRef = 85D22F0B277AB7A600A4C0C8 /* PhotoCell.swift */; };
/* End PBXBuildFile section */

/* Begin PBXFileReference section */
		85D22EDD2776A40300A4C0C8 /* PhotoCaptionView.app */ = {isa = PBXFileReference; explicitFileType = wrapper.application; includeInIndex = 0; path = PhotoCaptionView.app; sourceTree = BUILT_PRODUCTS_DIR; };
		85D22EE02776A40400A4C0C8 /* AppDelegate.swift */ = {isa = PBXFileReference; lastKnownFileType = sourcecode.swift; path = AppDelegate.swift; sourceTree = "<group>"; };
		85D22EE22776A40400A4C0C8 /* SceneDelegate.swift */ = {isa = PBXFileReference; lastKnownFileType = sourcecode.swift; path = SceneDelegate.swift; sourceTree = "<group>"; };
		85D22EE42776A40400A4C0C8 /* ViewController.swift */ = {isa = PBXFileReference; lastKnownFileType = sourcecode.swift; path = ViewController.swift; sourceTree = "<group>"; };
		85D22EE72776A40400A4C0C8 /* Base */ = {isa = PBXFileReference; lastKnownFileType = file.storyboard; name = Base; path = Base.lproj/Main.storyboard; sourceTree = "<group>"; };
		85D22EE92776A41100A4C0C8 /* Assets.xcassets */ = {isa = PBXFileReference; lastKnownFileType = folder.assetcatalog; path = Assets.xcassets; sourceTree = "<group>"; };
		85D22EEC2776A41100A4C0C8 /* Base */ = {isa = PBXFileReference; lastKnownFileType = file.storyboard; name = Base; path = Base.lproj/LaunchScreen.storyboard; sourceTree = "<group>"; };
		85D22EEE2776A41100A4C0C8 /* Info.plist */ = {isa = PBXFileReference; lastKnownFileType = text.plist.xml; path = Info.plist; sourceTree = "<group>"; };
		85D22EF7277A84A500A4C0C8 /* DetailViewController.swift */ = {isa = PBXFileReference; lastKnownFileType = sourcecode.swift; path = DetailViewController.swift; sourceTree = "<group>"; };
		85D22EFA277A91B600A4C0C8 /* Photo.swift */ = {isa = PBXFileReference; lastKnownFileType = sourcecode.swift; path = Photo.swift; sourceTree = "<group>"; };
		85D22F0B277AB7A600A4C0C8 /* PhotoCell.swift */ = {isa = PBXFileReference; lastKnownFileType = sourcecode.swift; path = PhotoCell.swift; sourceTree = "<group>"; };
/* End PBXFileReference section */

/* Begin PBXFrameworksBuildPhase section */
		85D22EDA2776A40300A4C0C8 /* Frameworks */ = {
			isa = PBXFrameworksBuildPhase;
			buildActionMask = 2147483647;
			files = (
			);
			runOnlyForDeploymentPostprocessing = 0;
		};
/* End PBXFrameworksBuildPhase section */

/* Begin PBXGroup section */
		85D22ED42776A40300A4C0C8 = {
			isa = PBXGroup;
			children = (
				85D22EDF2776A40300A4C0C8 /* PhotoCaptionView */,
				85D22EDE2776A40300A4C0C8 /* Products */,
			);
			sourceTree = "<group>";
		};
		85D22EDE2776A40300A4C0C8 /* Products */ = {
			isa = PBXGroup;
			children = (
				85D22EDD2776A40300A4C0C8 /* PhotoCaptionView.app */,
			);
			name = Products;
			sourceTree = "<group>";
		};
		85D22EDF2776A40300A4C0C8 /* PhotoCaptionView */ = {
			isa = PBXGroup;
			children = (
				85D22EE02776A40400A4C0C8 /* AppDelegate.swift */,
				85D22EE22776A40400A4C0C8 /* SceneDelegate.swift */,
				85D22EE62776A40400A4C0C8 /* Main.storyboard */,
				85D22EE42776A40400A4C0C8 /* ViewController.swift */,
				85D22EFA277A91B600A4C0C8 /* Photo.swift */,
				85D22F0B277AB7A600A4C0C8 /* PhotoCell.swift */,
				85D22EF7277A84A500A4C0C8 /* DetailViewController.swift */,
				85D22EE92776A41100A4C0C8 /* Assets.xcassets */,
				85D22EEB2776A41100A4C0C8 /* LaunchScreen.storyboard */,
				85D22EEE2776A41100A4C0C8 /* Info.plist */,
			);
			path = PhotoCaptionView;
			sourceTree = "<group>";
		};
/* End PBXGroup section */

/* Begin PBXNativeTarget section */
		85D22EDC2776A40300A4C0C8 /* PhotoCaptionView */ = {
			isa = PBXNativeTarget;
			buildConfigurationList = 85D22EF12776A41100A4C0C8 /* Build configuration list for PBXNativeTarget "PhotoCaptionView" */;
			buildPhases = (
				85D22ED92776A40300A4C0C8 /* Sources */,
				85D22EDA2776A40300A4C0C8 /* Frameworks */,
				85D22EDB2776A40300A4C0C8 /* Resources */,
			);
			buildRules = (
			);
			dependencies = (
			);
			name = PhotoCaptionView;
			productName = PictureCaptionView;
			productReference = 85D22EDD2776A40300A4C0C8 /* PhotoCaptionView.app */;
			productType = "com.apple.product-type.application";
		};
/* End PBXNativeTarget section */

/* Begin PBXProject section */
		85D22ED52776A40300A4C0C8 /* Project object */ = {
			isa = PBXProject;
			attributes = {
				LastSwiftUpdateCheck = 1240;
				LastUpgradeCheck = 1240;
				TargetAttributes = {
					85D22EDC2776A40300A4C0C8 = {
						CreatedOnToolsVersion = 12.4;
					};
				};
			};
			buildConfigurationList = 85D22ED82776A40300A4C0C8 /* Build configuration list for PBXProject "PhotoCaptionView" */;
			compatibilityVersion = "Xcode 9.3";
			developmentRegion = en;
			hasScannedForEncodings = 0;
			knownRegions = (
				en,
				Base,
			);
			mainGroup = 85D22ED42776A40300A4C0C8;
			productRefGroup = 85D22EDE2776A40300A4C0C8 /* Products */;
			projectDirPath = "";
			projectRoot = "";
			targets = (
				85D22EDC2776A40300A4C0C8 /* PhotoCaptionView */,
			);
		};
/* End PBXProject section */

/* Begin PBXResourcesBuildPhase section */
		85D22EDB2776A40300A4C0C8 /* Resources */ = {
			isa = PBXResourcesBuildPhase;
			buildActionMask = 2147483647;
			files = (
				85D22EED2776A41100A4C0C8 /* LaunchScreen.storyboard in Resources */,
				85D22EEA2776A41100A4C0C8 /* Assets.xcassets in Resources */,
				85D22EE82776A40400A4C0C8 /* Main.storyboard in Resources */,
			);
			runOnlyForDeploymentPostprocessing = 0;
		};
/* End PBXResourcesBuildPhase section */

/* Begin PBXSourcesBuildPhase section */
		85D22ED92776A40300A4C0C8 /* Sources */ = {
			isa = PBXSourcesBuildPhase;
			buildActionMask = 2147483647;
			files = (
				85D22EE52776A40400A4C0C8 /* ViewController.swift in Sources */,
				85D22EE12776A40400A4C0C8 /* AppDelegate.swift in Sources */,
				85D22EE32776A40400A4C0C8 /* SceneDelegate.swift in Sources */,
				85D22EF8277A84A500A4C0C8 /* DetailViewController.swift in Sources */,
				85D22F0C277AB7A600A4C0C8 /* PhotoCell.swift in Sources */,
				85D22EFB277A91B600A4C0C8 /* Photo.swift in Sources */,
			);
			runOnlyForDeploymentPostprocessing = 0;
		};
/* End PBXSourcesBuildPhase section */

/* Begin PBXVariantGroup section */
		85D22EE62776A40400A4C0C8 /* Main.storyboard */ = {
			isa = PBXVariantGroup;
			children = (
				85D22EE72776A40400A4C0C8 /* Base */,
			);
			name = Main.storyboard;
			sourceTree = "<group>";
		};
		85D22EEB2776A41100A4C0C8 /* LaunchScreen.storyboard */ = {
			isa = PBXVariantGroup;
			children = (
				85D22EEC2776A41100A4C0C8 /* Base */,
			);
			name = LaunchScreen.storyboard;
			sourceTree = "<group>";
		};
/* End PBXVariantGroup section */

/* Begin XCBuildConfiguration section */
		85D22EEF2776A41100A4C0C8 /* Debug */ = {
			isa = XCBuildConfiguration;
			buildSettings = {
				ALWAYS_SEARCH_USER_PATHS = NO;
				CLANG_ANALYZER_NONNULL = YES;
				CLANG_ANALYZER_NUMBER_OBJECT_CONVERSION = YES_AGGRESSIVE;
				CLANG_CXX_LANGUAGE_STANDARD = "gnu++14";
				CLANG_CXX_LIBRARY = "libc++";
				CLANG_ENABLE_MODULES = YES;
				CLANG_ENABLE_OBJC_ARC = YES;
				CLANG_ENABLE_OBJC_WEAK = YES;
				CLANG_WARN_BLOCK_CAPTURE_AUTORELEASING = YES;
				CLANG_WARN_BOOL_CONVERSION = YES;
				CLANG_WARN_COMMA = YES;
				CLANG_WARN_CONSTANT_CONVERSION = YES;
				CLANG_WARN_DEPRECATED_OBJC_IMPLEMENTATIONS = YES;
				CLANG_WARN_DIRECT_OBJC_ISA_USAGE = YES_ERROR;
				CLANG_WARN_DOCUMENTATION_COMMENTS = YES;
				CLANG_WARN_EMPTY_BODY = YES;
				CLANG_WARN_ENUM_CONVERSION = YES;
				CLANG_WARN_INFINITE_RECURSION = YES;
				CLANG_WARN_INT_CONVERSION = YES;
				CLANG_WARN_NON_LITERAL_NULL_CONVERSION = YES;
				CLANG_WARN_OBJC_IMPLICIT_RETAIN_SELF = YES;
				CLANG_WARN_OBJC_LITERAL_CONVERSION = YES;
				CLANG_WARN_OBJC_ROOT_CLASS = YES_ERROR;
				CLANG_WARN_QUOTED_INCLUDE_IN_FRAMEWORK_HEADER = YES;
				CLANG_WARN_RANGE_LOOP_ANALYSIS = YES;
				CLANG_WARN_STRICT_PROTOTYPES = YES;
				CLANG_WARN_SUSPICIOUS_MOVE = YES;
				CLANG_WARN_UNGUARDED_AVAILABILITY = YES_AGGRESSIVE;
				CLANG_WARN_UNREACHABLE_CODE = YES;
				CLANG_WARN__DUPLICATE_METHOD_MATCH = YES;
				COPY_PHASE_STRIP = NO;
				DEBUG_INFORMATION_FORMAT = dwarf;
				ENABLE_STRICT_OBJC_MSGSEND = YES;
				ENABLE_TESTABILITY = YES;
				GCC_C_LANGUAGE_STANDARD = gnu11;
				GCC_DYNAMIC_NO_PIC = NO;
				GCC_NO_COMMON_BLOCKS = YES;
				GCC_OPTIMIZATION_LEVEL = 0;
				GCC_PREPROCESSOR_DEFINITIONS = (
					"DEBUG=1",
					"$(inherited)",
				);
				GCC_WARN_64_TO_32_BIT_CONVERSION = YES;
				GCC_WARN_ABOUT_RETURN_TYPE = YES_ERROR;
				GCC_WARN_UNDECLARED_SELECTOR = YES;
				GCC_WARN_UNINITIALIZED_AUTOS = YES_AGGRESSIVE;
				GCC_WARN_UNUSED_FUNCTION = YES;
				GCC_WARN_UNUSED_VARIABLE = YES;
				IPHONEOS_DEPLOYMENT_TARGET = 14.4;
				MTL_ENABLE_DEBUG_INFO = INCLUDE_SOURCE;
				MTL_FAST_MATH = YES;
				ONLY_ACTIVE_ARCH = YES;
				SDKROOT = iphoneos;
				SWIFT_ACTIVE_COMPILATION_CONDITIONS = DEBUG;
				SWIFT_OPTIMIZATION_LEVEL = "-Onone";
			};
			name = Debug;
		};
		85D22EF02776A41100A4C0C8 /* Release */ = {
			isa = XCBuildConfiguration;
			buildSettings = {
				ALWAYS_SEARCH_USER_PATHS = NO;
				CLANG_ANALYZER_NONNULL = YES;
				CLANG_ANALYZER_NUMBER_OBJECT_CONVERSION = YES_AGGRESSIVE;
				CLANG_CXX_LANGUAGE_STANDARD = "gnu++14";
				CLANG_CXX_LIBRARY = "libc++";
				CLANG_ENABLE_MODULES = YES;
				CLANG_ENABLE_OBJC_ARC = YES;
				CLANG_ENABLE_OBJC_WEAK = YES;
				CLANG_WARN_BLOCK_CAPTURE_AUTORELEASING = YES;
				CLANG_WARN_BOOL_CONVERSION = YES;
				CLANG_WARN_COMMA = YES;
				CLANG_WARN_CONSTANT_CONVERSION = YES;
				CLANG_WARN_DEPRECATED_OBJC_IMPLEMENTATIONS = YES;
				CLANG_WARN_DIRECT_OBJC_ISA_USAGE = YES_ERROR;
				CLANG_WARN_DOCUMENTATION_COMMENTS = YES;
				CLANG_WARN_EMPTY_BODY = YES;
				CLANG_WARN_ENUM_CONVERSION = YES;
				CLANG_WARN_INFINITE_RECURSION = YES;
				CLANG_WARN_INT_CONVERSION = YES;
				CLANG_WARN_NON_LITERAL_NULL_CONVERSION = YES;
				CLANG_WARN_OBJC_IMPLICIT_RETAIN_SELF = YES;
				CLANG_WARN_OBJC_LITERAL_CONVERSION = YES;
				CLANG_WARN_OBJC_ROOT_CLASS = YES_ERROR;
				CLANG_WARN_QUOTED_INCLUDE_IN_FRAMEWORK_HEADER = YES;
				CLANG_WARN_RANGE_LOOP_ANALYSIS = YES;
				CLANG_WARN_STRICT_PROTOTYPES = YES;
				CLANG_WARN_SUSPICIOUS_MOVE = YES;
				CLANG_WARN_UNGUARDED_AVAILABILITY = YES_AGGRESSIVE;
				CLANG_WARN_UNREACHABLE_CODE = YES;
				CLANG_WARN__DUPLICATE_METHOD_MATCH = YES;
				COPY_PHASE_STRIP = NO;
				DEBUG_INFORMATION_FORMAT = "dwarf-with-dsym";
				ENABLE_NS_ASSERTIONS = NO;
				ENABLE_STRICT_OBJC_MSGSEND = YES;
				GCC_C_LANGUAGE_STANDARD = gnu11;
				GCC_NO_COMMON_BLOCKS = YES;
				GCC_WARN_64_TO_32_BIT_CONVERSION = YES;
				GCC_WARN_ABOUT_RETURN_TYPE = YES_ERROR;
				GCC_WARN_UNDECLARED_SELECTOR = YES;
				GCC_WARN_UNINITIALIZED_AUTOS = YES_AGGRESSIVE;
				GCC_WARN_UNUSED_FUNCTION = YES;
				GCC_WARN_UNUSED_VARIABLE = YES;
				IPHONEOS_DEPLOYMENT_TARGET = 14.4;
				MTL_ENABLE_DEBUG_INFO = NO;
				MTL_FAST_MATH = YES;
				SDKROOT = iphoneos;
				SWIFT_COMPILATION_MODE = wholemodule;
				SWIFT_OPTIMIZATION_LEVEL = "-O";
				VALIDATE_PRODUCT = YES;
			};
			name = Release;
		};
		85D22EF22776A41100A4C0C8 /* Debug */ = {
			isa = XCBuildConfiguration;
			buildSettings = {
				ASSETCATALOG_COMPILER_APPICON_NAME = AppIcon;
				ASSETCATALOG_COMPILER_GLOBAL_ACCENT_COLOR_NAME = AccentColor;
				CODE_SIGN_STYLE = Automatic;
				DEVELOPMENT_TEAM = SC325LS73S;
				INFOPLIST_FILE = PhotoCaptionView/Info.plist;
				IPHONEOS_DEPLOYMENT_TARGET = 14.4;
				LD_RUNPATH_SEARCH_PATHS = (
					"$(inherited)",
					"@executable_path/Frameworks",
				);
				PRODUCT_BUNDLE_IDENTIFIER = arvinshen.PhotoCaptionView;
				PRODUCT_NAME = "$(TARGET_NAME)";
				SWIFT_VERSION = 5.0;
				TARGETED_DEVICE_FAMILY = "1,2";
			};
			name = Debug;
		};
		85D22EF32776A41100A4C0C8 /* Release */ = {
			isa = XCBuildConfiguration;
			buildSettings = {
				ASSETCATALOG_COMPILER_APPICON_NAME = AppIcon;
				ASSETCATALOG_COMPILER_GLOBAL_ACCENT_COLOR_NAME = AccentColor;
				CODE_SIGN_STYLE = Automatic;
				DEVELOPMENT_TEAM = SC325LS73S;
				INFOPLIST_FILE = PhotoCaptionView/Info.plist;
				IPHONEOS_DEPLOYMENT_TARGET = 14.4;
				LD_RUNPATH_SEARCH_PATHS = (
					"$(inherited)",
					"@executable_path/Frameworks",
				);
				PRODUCT_BUNDLE_IDENTIFIER = arvinshen.PhotoCaptionView;
				PRODUCT_NAME = "$(TARGET_NAME)";
				SWIFT_VERSION = 5.0;
				TARGETED_DEVICE_FAMILY = "1,2";
			};
			name = Release;
		};
/* End XCBuildConfiguration section */

/* Begin XCConfigurationList section */
		85D22ED82776A40300A4C0C8 /* Build configuration list for PBXProject "PhotoCaptionView" */ = {
			isa = XCConfigurationList;
			buildConfigurations = (
				85D22EEF2776A41100A4C0C8 /* Debug */,
				85D22EF02776A41100A4C0C8 /* Release */,
			);
			defaultConfigurationIsVisible = 0;
			defaultConfigurationName = Release;
		};
		85D22EF12776A41100A4C0C8 /* Build configuration list for PBXNativeTarget "PhotoCaptionView" */ = {
			isa = XCConfigurationList;
			buildConfigurations = (
				85D22EF22776A41100A4C0C8 /* Debug */,
				85D22EF32776A41100A4C0C8 /* Release */,
			);
			defaultConfigurationIsVisible = 0;
			defaultConfigurationName = Release;
		};
/* End XCConfigurationList section */
	};
	rootObject = 85D22ED52776A40300A4C0C8 /* Project object */;
}
