// !$*UTF8*$!
{
	archiveVersion = 1;
	classes = {
	};
	objectVersion = 50;
	objects = {

/* Begin PBXBuildFile section */
		854D700727816FE500DABE19 /* AppDelegate.swift in Sources */ = {isa = PBXBuildFile; fileRef = 854D700627816FE500DABE19 /* AppDelegate.swift */; };
		854D700927816FE500DABE19 /* SceneDelegate.swift in Sources */ = {isa = PBXBuildFile; fileRef = 854D700827816FE500DABE19 /* SceneDelegate.swift */; };
		854D700B27816FE500DABE19 /* ViewController.swift in Sources */ = {isa = PBXBuildFile; fileRef = 854D700A27816FE500DABE19 /* ViewController.swift */; };
		854D700E27816FE500DABE19 /* Main.storyboard in Resources */ = {isa = PBXBuildFile; fileRef = 854D700C27816FE500DABE19 /* Main.storyboard */; };
		854D701027816FF500DABE19 /* Assets.xcassets in Resources */ = {isa = PBXBuildFile; fileRef = 854D700F27816FF500DABE19 /* Assets.xcassets */; };
		854D701327816FF500DABE19 /* LaunchScreen.storyboard in Resources */ = {isa = PBXBuildFile; fileRef = 854D701127816FF500DABE19 /* LaunchScreen.storyboard */; };
		854D705F278247FB00DABE19 /* country.json in Resources */ = {isa = PBXBuildFile; fileRef = 854D705E278247FB00DABE19 /* country.json */; };
		854D70C72783784C00DABE19 /* Country.swift in Sources */ = {isa = PBXBuildFile; fileRef = 854D70C62783784C00DABE19 /* Country.swift */; };
		854D70CA278378FD00DABE19 /* Countries.swift in Sources */ = {isa = PBXBuildFile; fileRef = 854D70C9278378FD00DABE19 /* Countries.swift */; };
		854D70CD2783913E00DABE19 /* DetailViewController.swift in Sources */ = {isa = PBXBuildFile; fileRef = 854D70CC2783913E00DABE19 /* DetailViewController.swift */; };
/* End PBXBuildFile section */

/* Begin PBXFileReference section */
		854D700327816FE500DABE19 /* CountryDB.app */ = {isa = PBXFileReference; explicitFileType = wrapper.application; includeInIndex = 0; path = CountryDB.app; sourceTree = BUILT_PRODUCTS_DIR; };
		854D700627816FE500DABE19 /* AppDelegate.swift */ = {isa = PBXFileReference; lastKnownFileType = sourcecode.swift; path = AppDelegate.swift; sourceTree = "<group>"; };
		854D700827816FE500DABE19 /* SceneDelegate.swift */ = {isa = PBXFileReference; lastKnownFileType = sourcecode.swift; path = SceneDelegate.swift; sourceTree = "<group>"; };
		854D700A27816FE500DABE19 /* ViewController.swift */ = {isa = PBXFileReference; lastKnownFileType = sourcecode.swift; path = ViewController.swift; sourceTree = "<group>"; };
		854D700D27816FE500DABE19 /* Base */ = {isa = PBXFileReference; lastKnownFileType = file.storyboard; name = Base; path = Base.lproj/Main.storyboard; sourceTree = "<group>"; };
		854D700F27816FF500DABE19 /* Assets.xcassets */ = {isa = PBXFileReference; lastKnownFileType = folder.assetcatalog; path = Assets.xcassets; sourceTree = "<group>"; };
		854D701227816FF500DABE19 /* Base */ = {isa = PBXFileReference; lastKnownFileType = file.storyboard; name = Base; path = Base.lproj/LaunchScreen.storyboard; sourceTree = "<group>"; };
		854D701427816FF500DABE19 /* Info.plist */ = {isa = PBXFileReference; lastKnownFileType = text.plist.xml; path = Info.plist; sourceTree = "<group>"; };
		854D705E278247FB00DABE19 /* country.json */ = {isa = PBXFileReference; fileEncoding = 4; lastKnownFileType = text.json; path = country.json; sourceTree = "<group>"; };
		854D70C62783784C00DABE19 /* Country.swift */ = {isa = PBXFileReference; lastKnownFileType = sourcecode.swift; path = Country.swift; sourceTree = "<group>"; };
		854D70C9278378FD00DABE19 /* Countries.swift */ = {isa = PBXFileReference; lastKnownFileType = sourcecode.swift; path = Countries.swift; sourceTree = "<group>"; };
		854D70CC2783913E00DABE19 /* DetailViewController.swift */ = {isa = PBXFileReference; lastKnownFileType = sourcecode.swift; path = DetailViewController.swift; sourceTree = "<group>"; };
/* End PBXFileReference section */

/* Begin PBXFrameworksBuildPhase section */
		854D700027816FE500DABE19 /* Frameworks */ = {
			isa = PBXFrameworksBuildPhase;
			buildActionMask = 2147483647;
			files = (
			);
			runOnlyForDeploymentPostprocessing = 0;
		};
/* End PBXFrameworksBuildPhase section */

/* Begin PBXGroup section */
		854D6FFA27816FE500DABE19 = {
			isa = PBXGroup;
			children = (
				854D700527816FE500DABE19 /* CountryDB */,
				854D700427816FE500DABE19 /* Products */,
			);
			sourceTree = "<group>";
		};
		854D700427816FE500DABE19 /* Products */ = {
			isa = PBXGroup;
			children = (
				854D700327816FE500DABE19 /* CountryDB.app */,
			);
			name = Products;
			sourceTree = "<group>";
		};
		854D700527816FE500DABE19 /* CountryDB */ = {
			isa = PBXGroup;
			children = (
				854D700627816FE500DABE19 /* AppDelegate.swift */,
				854D700827816FE500DABE19 /* SceneDelegate.swift */,
				854D700A27816FE500DABE19 /* ViewController.swift */,
				854D70C62783784C00DABE19 /* Country.swift */,
				854D70C9278378FD00DABE19 /* Countries.swift */,
				854D700C27816FE500DABE19 /* Main.storyboard */,
				854D70CC2783913E00DABE19 /* DetailViewController.swift */,
				854D700F27816FF500DABE19 /* Assets.xcassets */,
				854D701127816FF500DABE19 /* LaunchScreen.storyboard */,
				854D701427816FF500DABE19 /* Info.plist */,
				854D705E278247FB00DABE19 /* country.json */,
			);
			path = CountryDB;
			sourceTree = "<group>";
		};
/* End PBXGroup section */

/* Begin PBXNativeTarget section */
		854D700227816FE500DABE19 /* CountryDB */ = {
			isa = PBXNativeTarget;
			buildConfigurationList = 854D701727816FF500DABE19 /* Build configuration list for PBXNativeTarget "CountryDB" */;
			buildPhases = (
				854D6FFF27816FE500DABE19 /* Sources */,
				854D700027816FE500DABE19 /* Frameworks */,
				854D700127816FE500DABE19 /* Resources */,
			);
			buildRules = (
			);
			dependencies = (
			);
			name = CountryDB;
			productName = CountryDB;
			productReference = 854D700327816FE500DABE19 /* CountryDB.app */;
			productType = "com.apple.product-type.application";
		};
/* End PBXNativeTarget section */

/* Begin PBXProject section */
		854D6FFB27816FE500DABE19 /* Project object */ = {
			isa = PBXProject;
			attributes = {
				LastSwiftUpdateCheck = 1240;
				LastUpgradeCheck = 1240;
				TargetAttributes = {
					854D700227816FE500DABE19 = {
						CreatedOnToolsVersion = 12.4;
					};
				};
			};
			buildConfigurationList = 854D6FFE27816FE500DABE19 /* Build configuration list for PBXProject "CountryDB" */;
			compatibilityVersion = "Xcode 9.3";
			developmentRegion = en;
			hasScannedForEncodings = 0;
			knownRegions = (
				en,
				Base,
			);
			mainGroup = 854D6FFA27816FE500DABE19;
			productRefGroup = 854D700427816FE500DABE19 /* Products */;
			projectDirPath = "";
			projectRoot = "";
			targets = (
				854D700227816FE500DABE19 /* CountryDB */,
			);
		};
/* End PBXProject section */

/* Begin PBXResourcesBuildPhase section */
		854D700127816FE500DABE19 /* Resources */ = {
			isa = PBXResourcesBuildPhase;
			buildActionMask = 2147483647;
			files = (
				854D705F278247FB00DABE19 /* country.json in Resources */,
				854D701327816FF500DABE19 /* LaunchScreen.storyboard in Resources */,
				854D701027816FF500DABE19 /* Assets.xcassets in Resources */,
				854D700E27816FE500DABE19 /* Main.storyboard in Resources */,
			);
			runOnlyForDeploymentPostprocessing = 0;
		};
/* End PBXResourcesBuildPhase section */

/* Begin PBXSourcesBuildPhase section */
		854D6FFF27816FE500DABE19 /* Sources */ = {
			isa = PBXSourcesBuildPhase;
			buildActionMask = 2147483647;
			files = (
				854D70C72783784C00DABE19 /* Country.swift in Sources */,
				854D700B27816FE500DABE19 /* ViewController.swift in Sources */,
				854D700727816FE500DABE19 /* AppDelegate.swift in Sources */,
				854D70CD2783913E00DABE19 /* DetailViewController.swift in Sources */,
				854D70CA278378FD00DABE19 /* Countries.swift in Sources */,
				854D700927816FE500DABE19 /* SceneDelegate.swift in Sources */,
			);
			runOnlyForDeploymentPostprocessing = 0;
		};
/* End PBXSourcesBuildPhase section */

/* Begin PBXVariantGroup section */
		854D700C27816FE500DABE19 /* Main.storyboard */ = {
			isa = PBXVariantGroup;
			children = (
				854D700D27816FE500DABE19 /* Base */,
			);
			name = Main.storyboard;
			sourceTree = "<group>";
		};
		854D701127816FF500DABE19 /* LaunchScreen.storyboard */ = {
			isa = PBXVariantGroup;
			children = (
				854D701227816FF500DABE19 /* Base */,
			);
			name = LaunchScreen.storyboard;
			sourceTree = "<group>";
		};
/* End PBXVariantGroup section */

/* Begin XCBuildConfiguration section */
		854D701527816FF500DABE19 /* Debug */ = {
			isa = XCBuildConfiguration;
			buildSettings = {
				ALWAYS_SEARCH_USER_PATHS = NO;
				CLANG_ANALYZER_NONNULL = YES;
				CLANG_ANALYZER_NUMBER_OBJECT_CONVERSION = YES_AGGRESSIVE;
				CLANG_CXX_LANGUAGE_STANDARD = "gnu++14";
				CLANG_CXX_LIBRARY = "libc++";
				CLANG_ENABLE_MODULES = YES;
				CLANG_ENABLE_OBJC_ARC = YES;
				CLANG_ENABLE_OBJC_WEAK = YES;
				CLANG_WARN_BLOCK_CAPTURE_AUTORELEASING = YES;
				CLANG_WARN_BOOL_CONVERSION = YES;
				CLANG_WARN_COMMA = YES;
				CLANG_WARN_CONSTANT_CONVERSION = YES;
				CLANG_WARN_DEPRECATED_OBJC_IMPLEMENTATIONS = YES;
				CLANG_WARN_DIRECT_OBJC_ISA_USAGE = YES_ERROR;
				CLANG_WARN_DOCUMENTATION_COMMENTS = YES;
				CLANG_WARN_EMPTY_BODY = YES;
				CLANG_WARN_ENUM_CONVERSION = YES;
				CLANG_WARN_INFINITE_RECURSION = YES;
				CLANG_WARN_INT_CONVERSION = YES;
				CLANG_WARN_NON_LITERAL_NULL_CONVERSION = YES;
				CLANG_WARN_OBJC_IMPLICIT_RETAIN_SELF = YES;
				CLANG_WARN_OBJC_LITERAL_CONVERSION = YES;
				CLANG_WARN_OBJC_ROOT_CLASS = YES_ERROR;
				CLANG_WARN_QUOTED_INCLUDE_IN_FRAMEWORK_HEADER = YES;
				CLANG_WARN_RANGE_LOOP_ANALYSIS = YES;
				CLANG_WARN_STRICT_PROTOTYPES = YES;
				CLANG_WARN_SUSPICIOUS_MOVE = YES;
				CLANG_WARN_UNGUARDED_AVAILABILITY = YES_AGGRESSIVE;
				CLANG_WARN_UNREACHABLE_CODE = YES;
				CLANG_WARN__DUPLICATE_METHOD_MATCH = YES;
				COPY_PHASE_STRIP = NO;
				DEBUG_INFORMATION_FORMAT = dwarf;
				ENABLE_STRICT_OBJC_MSGSEND = YES;
				ENABLE_TESTABILITY = YES;
				GCC_C_LANGUAGE_STANDARD = gnu11;
				GCC_DYNAMIC_NO_PIC = NO;
				GCC_NO_COMMON_BLOCKS = YES;
				GCC_OPTIMIZATION_LEVEL = 0;
				GCC_PREPROCESSOR_DEFINITIONS = (
					"DEBUG=1",
					"$(inherited)",
				);
				GCC_WARN_64_TO_32_BIT_CONVERSION = YES;
				GCC_WARN_ABOUT_RETURN_TYPE = YES_ERROR;
				GCC_WARN_UNDECLARED_SELECTOR = YES;
				GCC_WARN_UNINITIALIZED_AUTOS = YES_AGGRESSIVE;
				GCC_WARN_UNUSED_FUNCTION = YES;
				GCC_WARN_UNUSED_VARIABLE = YES;
				IPHONEOS_DEPLOYMENT_TARGET = 14.4;
				MTL_ENABLE_DEBUG_INFO = INCLUDE_SOURCE;
				MTL_FAST_MATH = YES;
				ONLY_ACTIVE_ARCH = YES;
				SDKROOT = iphoneos;
				SWIFT_ACTIVE_COMPILATION_CONDITIONS = DEBUG;
				SWIFT_OPTIMIZATION_LEVEL = "-Onone";
			};
			name = Debug;
		};
		854D701627816FF500DABE19 /* Release */ = {
			isa = XCBuildConfiguration;
			buildSettings = {
				ALWAYS_SEARCH_USER_PATHS = NO;
				CLANG_ANALYZER_NONNULL = YES;
				CLANG_ANALYZER_NUMBER_OBJECT_CONVERSION = YES_AGGRESSIVE;
				CLANG_CXX_LANGUAGE_STANDARD = "gnu++14";
				CLANG_CXX_LIBRARY = "libc++";
				CLANG_ENABLE_MODULES = YES;
				CLANG_ENABLE_OBJC_ARC = YES;
				CLANG_ENABLE_OBJC_WEAK = YES;
				CLANG_WARN_BLOCK_CAPTURE_AUTORELEASING = YES;
				CLANG_WARN_BOOL_CONVERSION = YES;
				CLANG_WARN_COMMA = YES;
				CLANG_WARN_CONSTANT_CONVERSION = YES;
				CLANG_WARN_DEPRECATED_OBJC_IMPLEMENTATIONS = YES;
				CLANG_WARN_DIRECT_OBJC_ISA_USAGE = YES_ERROR;
				CLANG_WARN_DOCUMENTATION_COMMENTS = YES;
				CLANG_WARN_EMPTY_BODY = YES;
				CLANG_WARN_ENUM_CONVERSION = YES;
				CLANG_WARN_INFINITE_RECURSION = YES;
				CLANG_WARN_INT_CONVERSION = YES;
				CLANG_WARN_NON_LITERAL_NULL_CONVERSION = YES;
				CLANG_WARN_OBJC_IMPLICIT_RETAIN_SELF = YES;
				CLANG_WARN_OBJC_LITERAL_CONVERSION = YES;
				CLANG_WARN_OBJC_ROOT_CLASS = YES_ERROR;
				CLANG_WARN_QUOTED_INCLUDE_IN_FRAMEWORK_HEADER = YES;
				CLANG_WARN_RANGE_LOOP_ANALYSIS = YES;
				CLANG_WARN_STRICT_PROTOTYPES = YES;
				CLANG_WARN_SUSPICIOUS_MOVE = YES;
				CLANG_WARN_UNGUARDED_AVAILABILITY = YES_AGGRESSIVE;
				CLANG_WARN_UNREACHABLE_CODE = YES;
				CLANG_WARN__DUPLICATE_METHOD_MATCH = YES;
				COPY_PHASE_STRIP = NO;
				DEBUG_INFORMATION_FORMAT = "dwarf-with-dsym";
				ENABLE_NS_ASSERTIONS = NO;
				ENABLE_STRICT_OBJC_MSGSEND = YES;
				GCC_C_LANGUAGE_STANDARD = gnu11;
				GCC_NO_COMMON_BLOCKS = YES;
				GCC_WARN_64_TO_32_BIT_CONVERSION = YES;
				GCC_WARN_ABOUT_RETURN_TYPE = YES_ERROR;
				GCC_WARN_UNDECLARED_SELECTOR = YES;
				GCC_WARN_UNINITIALIZED_AUTOS = YES_AGGRESSIVE;
				GCC_WARN_UNUSED_FUNCTION = YES;
				GCC_WARN_UNUSED_VARIABLE = YES;
				IPHONEOS_DEPLOYMENT_TARGET = 14.4;
				MTL_ENABLE_DEBUG_INFO = NO;
				MTL_FAST_MATH = YES;
				SDKROOT = iphoneos;
				SWIFT_COMPILATION_MODE = wholemodule;
				SWIFT_OPTIMIZATION_LEVEL = "-O";
				VALIDATE_PRODUCT = YES;
			};
			name = Release;
		};
		854D701827816FF500DABE19 /* Debug */ = {
			isa = XCBuildConfiguration;
			buildSettings = {
				ASSETCATALOG_COMPILER_APPICON_NAME = AppIcon;
				ASSETCATALOG_COMPILER_GLOBAL_ACCENT_COLOR_NAME = AccentColor;
				CODE_SIGN_STYLE = Automatic;
				DEVELOPMENT_TEAM = SC325LS73S;
				INFOPLIST_FILE = CountryDB/Info.plist;
				LD_RUNPATH_SEARCH_PATHS = (
					"$(inherited)",
					"@executable_path/Frameworks",
				);
				PRODUCT_BUNDLE_IDENTIFIER = arvinshen.CountryDB;
				PRODUCT_NAME = "$(TARGET_NAME)";
				SWIFT_VERSION = 5.0;
				TARGETED_DEVICE_FAMILY = "1,2";
			};
			name = Debug;
		};
		854D701927816FF500DABE19 /* Release */ = {
			isa = XCBuildConfiguration;
			buildSettings = {
				ASSETCATALOG_COMPILER_APPICON_NAME = AppIcon;
				ASSETCATALOG_COMPILER_GLOBAL_ACCENT_COLOR_NAME = AccentColor;
				CODE_SIGN_STYLE = Automatic;
				DEVELOPMENT_TEAM = SC325LS73S;
				INFOPLIST_FILE = CountryDB/Info.plist;
				LD_RUNPATH_SEARCH_PATHS = (
					"$(inherited)",
					"@executable_path/Frameworks",
				);
				PRODUCT_BUNDLE_IDENTIFIER = arvinshen.CountryDB;
				PRODUCT_NAME = "$(TARGET_NAME)";
				SWIFT_VERSION = 5.0;
				TARGETED_DEVICE_FAMILY = "1,2";
			};
			name = Release;
		};
/* End XCBuildConfiguration section */

/* Begin XCConfigurationList section */
		854D6FFE27816FE500DABE19 /* Build configuration list for PBXProject "CountryDB" */ = {
			isa = XCConfigurationList;
			buildConfigurations = (
				854D701527816FF500DABE19 /* Debug */,
				854D701627816FF500DABE19 /* Release */,
			);
			defaultConfigurationIsVisible = 0;
			defaultConfigurationName = Release;
		};
		854D701727816FF500DABE19 /* Build configuration list for PBXNativeTarget "CountryDB" */ = {
			isa = XCConfigurationList;
			buildConfigurations = (
				854D701827816FF500DABE19 /* Debug */,
				854D701927816FF500DABE19 /* Release */,
			);
			defaultConfigurationIsVisible = 0;
			defaultConfigurationName = Release;
		};
/* End XCConfigurationList section */
	};
	rootObject = 854D6FFB27816FE500DABE19 /* Project object */;
}
