// !$*UTF8*$!
{
	archiveVersion = 1;
	classes = {
	};
	objectVersion = 50;
	objects = {

/* Begin PBXBuildFile section */
		855FC48327950A5100B1520E /* AppDelegate.swift in Sources */ = {isa = PBXBuildFile; fileRef = 855FC48227950A5100B1520E /* AppDelegate.swift */; };
		855FC48527950A5100B1520E /* SceneDelegate.swift in Sources */ = {isa = PBXBuildFile; fileRef = 855FC48427950A5100B1520E /* SceneDelegate.swift */; };
		855FC48C27950A5F00B1520E /* Assets.xcassets in Resources */ = {isa = PBXBuildFile; fileRef = 855FC48B27950A5F00B1520E /* Assets.xcassets */; };
		855FC48F27950A5F00B1520E /* LaunchScreen.storyboard in Resources */ = {isa = PBXBuildFile; fileRef = 855FC48D27950A5F00B1520E /* LaunchScreen.storyboard */; };
		855FC4D82795D5E800B1520E /* Meme.swift in Sources */ = {isa = PBXBuildFile; fileRef = 855FC4D72795D5E800B1520E /* Meme.swift */; };
		855FC4FB2795FB9800B1520E /* MemeViewController.swift in Sources */ = {isa = PBXBuildFile; fileRef = 855FC4FA2795FB9800B1520E /* MemeViewController.swift */; };
		855FC4FE2796058600B1520E /* MemeCell.swift in Sources */ = {isa = PBXBuildFile; fileRef = 855FC4FD2796058600B1520E /* MemeCell.swift */; };
		855FC50227962BA700B1520E /* Constants.swift in Sources */ = {isa = PBXBuildFile; fileRef = 855FC50127962BA700B1520E /* Constants.swift */; };
/* End PBXBuildFile section */

/* Begin PBXFileReference section */
		855FC47F27950A5100B1520E /* MemeGenerator.app */ = {isa = PBXFileReference; explicitFileType = wrapper.application; includeInIndex = 0; path = MemeGenerator.app; sourceTree = BUILT_PRODUCTS_DIR; };
		855FC48227950A5100B1520E /* AppDelegate.swift */ = {isa = PBXFileReference; lastKnownFileType = sourcecode.swift; path = AppDelegate.swift; sourceTree = "<group>"; };
		855FC48427950A5100B1520E /* SceneDelegate.swift */ = {isa = PBXFileReference; lastKnownFileType = sourcecode.swift; path = SceneDelegate.swift; sourceTree = "<group>"; };
		855FC48B27950A5F00B1520E /* Assets.xcassets */ = {isa = PBXFileReference; lastKnownFileType = folder.assetcatalog; path = Assets.xcassets; sourceTree = "<group>"; };
		855FC48E27950A5F00B1520E /* Base */ = {isa = PBXFileReference; lastKnownFileType = file.storyboard; name = Base; path = Base.lproj/LaunchScreen.storyboard; sourceTree = "<group>"; };
		855FC49027950A5F00B1520E /* Info.plist */ = {isa = PBXFileReference; lastKnownFileType = text.plist.xml; path = Info.plist; sourceTree = "<group>"; };
		855FC4D72795D5E800B1520E /* Meme.swift */ = {isa = PBXFileReference; lastKnownFileType = sourcecode.swift; path = Meme.swift; sourceTree = "<group>"; };
		855FC4FA2795FB9800B1520E /* MemeViewController.swift */ = {isa = PBXFileReference; lastKnownFileType = sourcecode.swift; path = MemeViewController.swift; sourceTree = "<group>"; };
		855FC4FD2796058600B1520E /* MemeCell.swift */ = {isa = PBXFileReference; lastKnownFileType = sourcecode.swift; path = MemeCell.swift; sourceTree = "<group>"; };
		855FC50127962BA700B1520E /* Constants.swift */ = {isa = PBXFileReference; lastKnownFileType = sourcecode.swift; path = Constants.swift; sourceTree = "<group>"; };
/* End PBXFileReference section */

/* Begin PBXFrameworksBuildPhase section */
		855FC47C27950A5100B1520E /* Frameworks */ = {
			isa = PBXFrameworksBuildPhase;
			buildActionMask = 2147483647;
			files = (
			);
			runOnlyForDeploymentPostprocessing = 0;
		};
/* End PBXFrameworksBuildPhase section */

/* Begin PBXGroup section */
		855FC47627950A5100B1520E = {
			isa = PBXGroup;
			children = (
				855FC48127950A5100B1520E /* MemeGenerator */,
				855FC48027950A5100B1520E /* Products */,
			);
			sourceTree = "<group>";
		};
		855FC48027950A5100B1520E /* Products */ = {
			isa = PBXGroup;
			children = (
				855FC47F27950A5100B1520E /* MemeGenerator.app */,
			);
			name = Products;
			sourceTree = "<group>";
		};
		855FC48127950A5100B1520E /* MemeGenerator */ = {
			isa = PBXGroup;
			children = (
				855FC4D227956B0500B1520E /* Features */,
				855FC4D0279564E200B1520E /* Extensions */,
				855FC48227950A5100B1520E /* AppDelegate.swift */,
				855FC48427950A5100B1520E /* SceneDelegate.swift */,
				855FC4FA2795FB9800B1520E /* MemeViewController.swift */,
				855FC48B27950A5F00B1520E /* Assets.xcassets */,
				855FC48D27950A5F00B1520E /* LaunchScreen.storyboard */,
				855FC49027950A5F00B1520E /* Info.plist */,
				855FC4D42795D43900B1520E /* Constants */,
			);
			path = MemeGenerator;
			sourceTree = "<group>";
		};
		855FC4CE2795647E00B1520E /* View Model */ = {
			isa = PBXGroup;
			children = (
			);
			path = "View Model";
			sourceTree = "<group>";
		};
		855FC4D0279564E200B1520E /* Extensions */ = {
			isa = PBXGroup;
			children = (
			);
			path = Extensions;
			sourceTree = "<group>";
		};
		855FC4D227956B0500B1520E /* Features */ = {
			isa = PBXGroup;
			children = (
				855FC4D52795D5B700B1520E /* Memes */,
			);
			path = Features;
			sourceTree = "<group>";
		};
		855FC4D42795D43900B1520E /* Constants */ = {
			isa = PBXGroup;
			children = (
				855FC50127962BA700B1520E /* Constants.swift */,
			);
			path = Constants;
			sourceTree = "<group>";
		};
		855FC4D52795D5B700B1520E /* Memes */ = {
			isa = PBXGroup;
			children = (
				855FC4CE2795647E00B1520E /* View Model */,
				855FC4DA2795D67400B1520E /* Screen */,
				855FC4D62795D5CD00B1520E /* Model */,
			);
			path = Memes;
			sourceTree = "<group>";
		};
		855FC4D62795D5CD00B1520E /* Model */ = {
			isa = PBXGroup;
			children = (
				855FC4D72795D5E800B1520E /* Meme.swift */,
				855FC4FD2796058600B1520E /* MemeCell.swift */,
			);
			path = Model;
			sourceTree = "<group>";
		};
		855FC4DA2795D67400B1520E /* Screen */ = {
			isa = PBXGroup;
			children = (
			);
			path = Screen;
			sourceTree = "<group>";
		};
/* End PBXGroup section */

/* Begin PBXNativeTarget section */
		855FC47E27950A5100B1520E /* MemeGenerator */ = {
			isa = PBXNativeTarget;
			buildConfigurationList = 855FC49327950A5F00B1520E /* Build configuration list for PBXNativeTarget "MemeGenerator" */;
			buildPhases = (
				855FC47B27950A5100B1520E /* Sources */,
				855FC47C27950A5100B1520E /* Frameworks */,
				855FC47D27950A5100B1520E /* Resources */,
			);
			buildRules = (
			);
			dependencies = (
			);
			name = MemeGenerator;
			productName = MemeGenerator;
			productReference = 855FC47F27950A5100B1520E /* MemeGenerator.app */;
			productType = "com.apple.product-type.application";
		};
/* End PBXNativeTarget section */

/* Begin PBXProject section */
		855FC47727950A5100B1520E /* Project object */ = {
			isa = PBXProject;
			attributes = {
				LastSwiftUpdateCheck = 1240;
				LastUpgradeCheck = 1240;
				TargetAttributes = {
					855FC47E27950A5100B1520E = {
						CreatedOnToolsVersion = 12.4;
					};
				};
			};
			buildConfigurationList = 855FC47A27950A5100B1520E /* Build configuration list for PBXProject "MemeGenerator" */;
			compatibilityVersion = "Xcode 9.3";
			developmentRegion = en;
			hasScannedForEncodings = 0;
			knownRegions = (
				en,
				Base,
			);
			mainGroup = 855FC47627950A5100B1520E;
			productRefGroup = 855FC48027950A5100B1520E /* Products */;
			projectDirPath = "";
			projectRoot = "";
			targets = (
				855FC47E27950A5100B1520E /* MemeGenerator */,
			);
		};
/* End PBXProject section */

/* Begin PBXResourcesBuildPhase section */
		855FC47D27950A5100B1520E /* Resources */ = {
			isa = PBXResourcesBuildPhase;
			buildActionMask = 2147483647;
			files = (
				855FC48F27950A5F00B1520E /* LaunchScreen.storyboard in Resources */,
				855FC48C27950A5F00B1520E /* Assets.xcassets in Resources */,
			);
			runOnlyForDeploymentPostprocessing = 0;
		};
/* End PBXResourcesBuildPhase section */

/* Begin PBXSourcesBuildPhase section */
		855FC47B27950A5100B1520E /* Sources */ = {
			isa = PBXSourcesBuildPhase;
			buildActionMask = 2147483647;
			files = (
				855FC4D82795D5E800B1520E /* Meme.swift in Sources */,
				855FC4FB2795FB9800B1520E /* MemeViewController.swift in Sources */,
				855FC4FE2796058600B1520E /* MemeCell.swift in Sources */,
				855FC48327950A5100B1520E /* AppDelegate.swift in Sources */,
				855FC48527950A5100B1520E /* SceneDelegate.swift in Sources */,
				855FC50227962BA700B1520E /* Constants.swift in Sources */,
			);
			runOnlyForDeploymentPostprocessing = 0;
		};
/* End PBXSourcesBuildPhase section */

/* Begin PBXVariantGroup section */
		855FC48D27950A5F00B1520E /* LaunchScreen.storyboard */ = {
			isa = PBXVariantGroup;
			children = (
				855FC48E27950A5F00B1520E /* Base */,
			);
			name = LaunchScreen.storyboard;
			sourceTree = "<group>";
		};
/* End PBXVariantGroup section */

/* Begin XCBuildConfiguration section */
		855FC49127950A5F00B1520E /* Debug */ = {
			isa = XCBuildConfiguration;
			buildSettings = {
				ALWAYS_SEARCH_USER_PATHS = NO;
				CLANG_ANALYZER_NONNULL = YES;
				CLANG_ANALYZER_NUMBER_OBJECT_CONVERSION = YES_AGGRESSIVE;
				CLANG_CXX_LANGUAGE_STANDARD = "gnu++14";
				CLANG_CXX_LIBRARY = "libc++";
				CLANG_ENABLE_MODULES = YES;
				CLANG_ENABLE_OBJC_ARC = YES;
				CLANG_ENABLE_OBJC_WEAK = YES;
				CLANG_WARN_BLOCK_CAPTURE_AUTORELEASING = YES;
				CLANG_WARN_BOOL_CONVERSION = YES;
				CLANG_WARN_COMMA = YES;
				CLANG_WARN_CONSTANT_CONVERSION = YES;
				CLANG_WARN_DEPRECATED_OBJC_IMPLEMENTATIONS = YES;
				CLANG_WARN_DIRECT_OBJC_ISA_USAGE = YES_ERROR;
				CLANG_WARN_DOCUMENTATION_COMMENTS = YES;
				CLANG_WARN_EMPTY_BODY = YES;
				CLANG_WARN_ENUM_CONVERSION = YES;
				CLANG_WARN_INFINITE_RECURSION = YES;
				CLANG_WARN_INT_CONVERSION = YES;
				CLANG_WARN_NON_LITERAL_NULL_CONVERSION = YES;
				CLANG_WARN_OBJC_IMPLICIT_RETAIN_SELF = YES;
				CLANG_WARN_OBJC_LITERAL_CONVERSION = YES;
				CLANG_WARN_OBJC_ROOT_CLASS = YES_ERROR;
				CLANG_WARN_QUOTED_INCLUDE_IN_FRAMEWORK_HEADER = YES;
				CLANG_WARN_RANGE_LOOP_ANALYSIS = YES;
				CLANG_WARN_STRICT_PROTOTYPES = YES;
				CLANG_WARN_SUSPICIOUS_MOVE = YES;
				CLANG_WARN_UNGUARDED_AVAILABILITY = YES_AGGRESSIVE;
				CLANG_WARN_UNREACHABLE_CODE = YES;
				CLANG_WARN__DUPLICATE_METHOD_MATCH = YES;
				COPY_PHASE_STRIP = NO;
				DEBUG_INFORMATION_FORMAT = dwarf;
				ENABLE_STRICT_OBJC_MSGSEND = YES;
				ENABLE_TESTABILITY = YES;
				GCC_C_LANGUAGE_STANDARD = gnu11;
				GCC_DYNAMIC_NO_PIC = NO;
				GCC_NO_COMMON_BLOCKS = YES;
				GCC_OPTIMIZATION_LEVEL = 0;
				GCC_PREPROCESSOR_DEFINITIONS = (
					"DEBUG=1",
					"$(inherited)",
				);
				GCC_WARN_64_TO_32_BIT_CONVERSION = YES;
				GCC_WARN_ABOUT_RETURN_TYPE = YES_ERROR;
				GCC_WARN_UNDECLARED_SELECTOR = YES;
				GCC_WARN_UNINITIALIZED_AUTOS = YES_AGGRESSIVE;
				GCC_WARN_UNUSED_FUNCTION = YES;
				GCC_WARN_UNUSED_VARIABLE = YES;
				IPHONEOS_DEPLOYMENT_TARGET = 14.4;
				MTL_ENABLE_DEBUG_INFO = INCLUDE_SOURCE;
				MTL_FAST_MATH = YES;
				ONLY_ACTIVE_ARCH = YES;
				SDKROOT = iphoneos;
				SWIFT_ACTIVE_COMPILATION_CONDITIONS = DEBUG;
				SWIFT_OPTIMIZATION_LEVEL = "-Onone";
			};
			name = Debug;
		};
		855FC49227950A5F00B1520E /* Release */ = {
			isa = XCBuildConfiguration;
			buildSettings = {
				ALWAYS_SEARCH_USER_PATHS = NO;
				CLANG_ANALYZER_NONNULL = YES;
				CLANG_ANALYZER_NUMBER_OBJECT_CONVERSION = YES_AGGRESSIVE;
				CLANG_CXX_LANGUAGE_STANDARD = "gnu++14";
				CLANG_CXX_LIBRARY = "libc++";
				CLANG_ENABLE_MODULES = YES;
				CLANG_ENABLE_OBJC_ARC = YES;
				CLANG_ENABLE_OBJC_WEAK = YES;
				CLANG_WARN_BLOCK_CAPTURE_AUTORELEASING = YES;
				CLANG_WARN_BOOL_CONVERSION = YES;
				CLANG_WARN_COMMA = YES;
				CLANG_WARN_CONSTANT_CONVERSION = YES;
				CLANG_WARN_DEPRECATED_OBJC_IMPLEMENTATIONS = YES;
				CLANG_WARN_DIRECT_OBJC_ISA_USAGE = YES_ERROR;
				CLANG_WARN_DOCUMENTATION_COMMENTS = YES;
				CLANG_WARN_EMPTY_BODY = YES;
				CLANG_WARN_ENUM_CONVERSION = YES;
				CLANG_WARN_INFINITE_RECURSION = YES;
				CLANG_WARN_INT_CONVERSION = YES;
				CLANG_WARN_NON_LITERAL_NULL_CONVERSION = YES;
				CLANG_WARN_OBJC_IMPLICIT_RETAIN_SELF = YES;
				CLANG_WARN_OBJC_LITERAL_CONVERSION = YES;
				CLANG_WARN_OBJC_ROOT_CLASS = YES_ERROR;
				CLANG_WARN_QUOTED_INCLUDE_IN_FRAMEWORK_HEADER = YES;
				CLANG_WARN_RANGE_LOOP_ANALYSIS = YES;
				CLANG_WARN_STRICT_PROTOTYPES = YES;
				CLANG_WARN_SUSPICIOUS_MOVE = YES;
				CLANG_WARN_UNGUARDED_AVAILABILITY = YES_AGGRESSIVE;
				CLANG_WARN_UNREACHABLE_CODE = YES;
				CLANG_WARN__DUPLICATE_METHOD_MATCH = YES;
				COPY_PHASE_STRIP = NO;
				DEBUG_INFORMATION_FORMAT = "dwarf-with-dsym";
				ENABLE_NS_ASSERTIONS = NO;
				ENABLE_STRICT_OBJC_MSGSEND = YES;
				GCC_C_LANGUAGE_STANDARD = gnu11;
				GCC_NO_COMMON_BLOCKS = YES;
				GCC_WARN_64_TO_32_BIT_CONVERSION = YES;
				GCC_WARN_ABOUT_RETURN_TYPE = YES_ERROR;
				GCC_WARN_UNDECLARED_SELECTOR = YES;
				GCC_WARN_UNINITIALIZED_AUTOS = YES_AGGRESSIVE;
				GCC_WARN_UNUSED_FUNCTION = YES;
				GCC_WARN_UNUSED_VARIABLE = YES;
				IPHONEOS_DEPLOYMENT_TARGET = 14.4;
				MTL_ENABLE_DEBUG_INFO = NO;
				MTL_FAST_MATH = YES;
				SDKROOT = iphoneos;
				SWIFT_COMPILATION_MODE = wholemodule;
				SWIFT_OPTIMIZATION_LEVEL = "-O";
				VALIDATE_PRODUCT = YES;
			};
			name = Release;
		};
		855FC49427950A5F00B1520E /* Debug */ = {
			isa = XCBuildConfiguration;
			buildSettings = {
				ASSETCATALOG_COMPILER_APPICON_NAME = AppIcon;
				ASSETCATALOG_COMPILER_GLOBAL_ACCENT_COLOR_NAME = AccentColor;
				CODE_SIGN_STYLE = Automatic;
				DEVELOPMENT_TEAM = SC325LS73S;
				INFOPLIST_FILE = MemeGenerator/Info.plist;
				LD_RUNPATH_SEARCH_PATHS = (
					"$(inherited)",
					"@executable_path/Frameworks",
				);
				PRODUCT_BUNDLE_IDENTIFIER = arvinshen.MemeGenerator;
				PRODUCT_NAME = "$(TARGET_NAME)";
				SWIFT_VERSION = 5.0;
				TARGETED_DEVICE_FAMILY = "1,2";
			};
			name = Debug;
		};
		855FC49527950A5F00B1520E /* Release */ = {
			isa = XCBuildConfiguration;
			buildSettings = {
				ASSETCATALOG_COMPILER_APPICON_NAME = AppIcon;
				ASSETCATALOG_COMPILER_GLOBAL_ACCENT_COLOR_NAME = AccentColor;
				CODE_SIGN_STYLE = Automatic;
				DEVELOPMENT_TEAM = SC325LS73S;
				INFOPLIST_FILE = MemeGenerator/Info.plist;
				LD_RUNPATH_SEARCH_PATHS = (
					"$(inherited)",
					"@executable_path/Frameworks",
				);
				PRODUCT_BUNDLE_IDENTIFIER = arvinshen.MemeGenerator;
				PRODUCT_NAME = "$(TARGET_NAME)";
				SWIFT_VERSION = 5.0;
				TARGETED_DEVICE_FAMILY = "1,2";
			};
			name = Release;
		};
/* End XCBuildConfiguration section */

/* Begin XCConfigurationList section */
		855FC47A27950A5100B1520E /* Build configuration list for PBXProject "MemeGenerator" */ = {
			isa = XCConfigurationList;
			buildConfigurations = (
				855FC49127950A5F00B1520E /* Debug */,
				855FC49227950A5F00B1520E /* Release */,
			);
			defaultConfigurationIsVisible = 0;
			defaultConfigurationName = Release;
		};
		855FC49327950A5F00B1520E /* Build configuration list for PBXNativeTarget "MemeGenerator" */ = {
			isa = XCConfigurationList;
			buildConfigurations = (
				855FC49427950A5F00B1520E /* Debug */,
				855FC49527950A5F00B1520E /* Release */,
			);
			defaultConfigurationIsVisible = 0;
			defaultConfigurationName = Release;
		};
/* End XCConfigurationList section */
	};
	rootObject = 855FC47727950A5100B1520E /* Project object */;
}
